
Microsoft Visual Studio Solution File, Format Version 12.00
# Visual Studio Version 16
VisualStudioVersion = 16.0.32126.315
MinimumVisualStudioVersion = 10.0.40219.1
Project("{FAE04EC0-301F-11D3-BF4B-00C04F79EFBC}") = "CV09", "CV09.csproj", "{C1802510-4ED7-49D4-9764-5DA9190BB06C}"
EndProject
Global
	GlobalSection(SolutionConfigurationPlatforms) = preSolution
		Debug|Any CPU = Debug|Any CPU
		Release|Any CPU = Release|Any CPU
	EndGlobalSection
	GlobalSection(ProjectConfigurationPlatforms) = postSolution
		{C1802510-4ED7-49D4-9764-5DA9190BB06C}.Debug|Any CPU.ActiveCfg = Debug|Any CPU
		{C1802510-4ED7-49D4-9764-5DA9190BB06C}.Debug|Any CPU.Build.0 = Debug|Any CPU
		{C1802510-4ED7-49D4-9764-5DA9190BB06C}.Release|Any CPU.ActiveCfg = Release|Any CPU
		{C1802510-4ED7-49D4-9764-5DA9190BB06C}.Release|Any CPU.Build.0 = Release|Any CPU
	EndGlobalSection
	GlobalSection(SolutionProperties) = preSolution
		HideSolutionNode = FALSE
	EndGlobalSection
	GlobalSection(ExtensibilityGlobals) = postSolution
		SolutionGuid = {4E40717B-B2FE-4048-89C2-9990F2446F14}
	EndGlobalSection
EndGlobal
